github.com/pkg/errors v0.8.1 h1:iURUrRGxPUNPdy5/HRSm+Yj6okJ6UtLINN0Q9M4+h3I=
github.com/pkg/errors v0.8.1/go.mod h1:bwawxfHBFNV+L2hUp1rHADufV3IMtnDRdf1r5NINEl0=
github.com/streadway/amqp v0.0.0-20181205114330-a314942b2fd9 h1:37QTz/gdHBLQcsmgMTnQDSWCtKzJ7YnfI2M2yTdr4BQ=
github.com/streadway/amqp v0.0.0-20181205114330-a314942b2fd9/go.mod h1:1WNBiOZtZQLpVAyu0iTduoJL9hEsMloAK5XWrtW0xdY=
